{
  "name": "@yingyeothon/actor-system-redis-support",
  "version": "0.2.3",
  "lockfileVersion": 1,
  "requires": true,
  "dependencies": {
    "@yingyeothon/actor-system": {
      "version": "0.2.3",
      "resolved": "https://registry.npmjs.org/@yingyeothon/actor-system/-/actor-system-0.2.3.tgz",
      "integrity": "sha512-kqi4CVJa1KOZ5AI6O5T5Ar02mAuMwQh1cHJqV+yVneAOU6yNP5+kLOXIawuRXQvgl/Pz/1cItthCbz1EWT0LhQ==",
      "requires": {
        "@yingyeothon/logger": "^0.2.0",
        "uuid": "^3.3.3"
      }
    },
    "@yingyeothon/codec": {
      "version": "0.2.1",
      "resolved": "https://registry.npmjs.org/@yingyeothon/codec/-/codec-0.2.1.tgz",
      "integrity": "sha512-CdhqPlxeIk1V0JJNv/GrGcCM4Hi8XKflXSwZv5VeMQaNJ8eIOcqmPDxq20BPqhbIAYGxRzqhK7tT3bMA7w46kQ=="
    },
    "@yingyeothon/logger": {
      "version": "0.2.1",
      "resolved": "https://registry.npmjs.org/@yingyeothon/logger/-/logger-0.2.1.tgz",
      "integrity": "sha512-CYxTjN21POUGQTAHEz04B5yxF4+W3BDAYA52lTJcXlcYaOn2APtjEUrMeB6+HPC5O41BCPfikzAyNE6V83AmKg=="
    },
    "@yingyeothon/naive-redis": {
      "version": "0.1.3",
      "resolved": "https://registry.npmjs.org/@yingyeothon/naive-redis/-/naive-redis-0.1.3.tgz",
      "integrity": "sha512-tZN5Cqn2Q8orTr2GPcfXERspU/tGp6tpl51uxzmjezz79tj5KXu392bFQ8RgQmnyaahtxGAMw8baEisrm0kN9w==",
      "requires": {
        "@yingyeothon/naive-socket": "^0.2.2"
      }
    },
    "@yingyeothon/naive-socket": {
      "version": "0.2.2",
      "resolved": "https://registry.npmjs.org/@yingyeothon/naive-socket/-/naive-socket-0.2.2.tgz",
      "integrity": "sha512-+Er/XLAjU7Mfaa9bVvzEgXVnV0oRMWHMayGhdoGqvZxEVir2yQVtwCsKQfpzHouRJfm7L8l6GLRlbn/52ZBKBg=="
    },
    "uuid": {
      "version": "3.3.3",
      "resolved": "https://registry.npmjs.org/uuid/-/uuid-3.3.3.tgz",
      "integrity": "sha512-pW0No1RGHgzlpHJO1nsVrHKpOEIxkGg1xB+v0ZmdNH5OAeAwzAVrCnI2/6Mtx+Uys6iaylxa+D3g4j63IKKjSQ=="
    }
  }
}
