{
  "name": "@yingyeothon/actor-system-redis-support",
  "version": "0.2.2",
  "lockfileVersion": 1,
  "requires": true,
  "dependencies": {
    "@types/ioredis": {
      "version": "4.0.13",
      "resolved": "https://registry.npmjs.org/@types/ioredis/-/ioredis-4.0.13.tgz",
      "integrity": "sha512-3GKQUu5DPIlERomUfhxeLZHbwY3KOANSuCu7iEcFEuCh7pzO5gnLjU4BoBJvy+uQ3TkduU8DLzJIB2iS4d4IAw==",
      "dev": true,
      "requires": {
        "@types/node": "*"
      }
    },
    "@types/node": {
      "version": "12.6.2",
      "resolved": "https://registry.npmjs.org/@types/node/-/node-12.6.2.tgz",
      "integrity": "sha512-gojym4tX0FWeV2gsW4Xmzo5wxGjXGm550oVUII7f7G5o4BV6c7DBdiG1RRQd+y1bvqRyYtPfMK85UM95vsapqQ==",
      "dev": true
    },
    "@yingyeothon/actor-system": {
      "version": "0.2.0",
      "resolved": "https://registry.npmjs.org/@yingyeothon/actor-system/-/actor-system-0.2.0.tgz",
      "integrity": "sha512-fANIKwwUD/7u749eJMdCE91LQxQmHNtzv8zym3WarGDDHkP7I5oN+peu8ysef8I7bBhgKsWuATseyzsgCnHhaA==",
      "requires": {
        "@yingyeothon/event-broker": "^0.2.0",
        "@yingyeothon/logger": "^0.2.0"
      }
    },
    "@yingyeothon/codec": {
      "version": "0.2.1",
      "resolved": "https://registry.npmjs.org/@yingyeothon/codec/-/codec-0.2.1.tgz",
      "integrity": "sha512-CdhqPlxeIk1V0JJNv/GrGcCM4Hi8XKflXSwZv5VeMQaNJ8eIOcqmPDxq20BPqhbIAYGxRzqhK7tT3bMA7w46kQ=="
    },
    "@yingyeothon/event-broker": {
      "version": "0.2.1",
      "resolved": "https://registry.npmjs.org/@yingyeothon/event-broker/-/event-broker-0.2.1.tgz",
      "integrity": "sha512-Te1PXjeINk0AaL6+NtBn8sc2AdTqpzrPUkySWgQlHH7jGsHECGwkSqEW0lehtg2wafl9MjnHoqsLCyMkFDhjkw=="
    },
    "@yingyeothon/logger": {
      "version": "0.2.1",
      "resolved": "https://registry.npmjs.org/@yingyeothon/logger/-/logger-0.2.1.tgz",
      "integrity": "sha512-CYxTjN21POUGQTAHEz04B5yxF4+W3BDAYA52lTJcXlcYaOn2APtjEUrMeB6+HPC5O41BCPfikzAyNE6V83AmKg=="
    },
    "cluster-key-slot": {
      "version": "1.0.12",
      "resolved": "https://registry.npmjs.org/cluster-key-slot/-/cluster-key-slot-1.0.12.tgz",
      "integrity": "sha512-21O0kGmvED5OJ7ZTdqQ5lQQ+sjuez33R+d35jZKLwqUb5mqcPHUsxOSzj61+LHVtxGZd1kShbQM3MjB/gBJkVg=="
    },
    "debug": {
      "version": "4.1.1",
      "resolved": "https://registry.npmjs.org/debug/-/debug-4.1.1.tgz",
      "integrity": "sha512-pYAIzeRo8J6KPEaJ0VWOh5Pzkbw/RetuzehGM7QRRX5he4fPHx2rdKMB256ehJCkX+XRQm16eZLqLNS8RSZXZw==",
      "requires": {
        "ms": "^2.1.1"
      }
    },
    "denque": {
      "version": "1.4.1",
      "resolved": "https://registry.npmjs.org/denque/-/denque-1.4.1.tgz",
      "integrity": "sha512-OfzPuSZKGcgr96rf1oODnfjqBFmr1DVoc/TrItj3Ohe0Ah1C5WX5Baquw/9U9KovnQ88EqmJbD66rKYUQYN1tQ=="
    },
    "ioredis": {
      "version": "4.11.2",
      "resolved": "https://registry.npmjs.org/ioredis/-/ioredis-4.11.2.tgz",
      "integrity": "sha512-2lQM1jpTzoTPg9Lj+ayfcIn8rdvGwgNP/nzeJ7IW4va/ExqxttRnTlUaxa8jOsj/e4NYKtVkbuhEAvOVPwjztA==",
      "requires": {
        "cluster-key-slot": "^1.0.6",
        "debug": "^4.1.1",
        "denque": "^1.1.0",
        "lodash.defaults": "^4.2.0",
        "lodash.flatten": "^4.4.0",
        "redis-commands": "1.5.0",
        "redis-errors": "^1.2.0",
        "redis-parser": "^3.0.0",
        "standard-as-callback": "^2.0.1"
      }
    },
    "lodash.defaults": {
      "version": "4.2.0",
      "resolved": "https://registry.npmjs.org/lodash.defaults/-/lodash.defaults-4.2.0.tgz",
      "integrity": "sha1-0JF4cW/+pN3p5ft7N/bwgCJ0WAw="
    },
    "lodash.flatten": {
      "version": "4.4.0",
      "resolved": "https://registry.npmjs.org/lodash.flatten/-/lodash.flatten-4.4.0.tgz",
      "integrity": "sha1-8xwiIlqWMtK7+OSt2+8kCqdlph8="
    },
    "ms": {
      "version": "2.1.2",
      "resolved": "https://registry.npmjs.org/ms/-/ms-2.1.2.tgz",
      "integrity": "sha512-sGkPx+VjMtmA6MX27oA4FBFELFCZZ4S4XqeGOXCv68tT+jb3vk/RyaKWP0PTKyWtmLSM0b+adUTEvbs1PEaH2w=="
    },
    "redis-commands": {
      "version": "1.5.0",
      "resolved": "https://registry.npmjs.org/redis-commands/-/redis-commands-1.5.0.tgz",
      "integrity": "sha512-6KxamqpZ468MeQC3bkWmCB1fp56XL64D4Kf0zJSwDZbVLLm7KFkoIcHrgRvQ+sk8dnhySs7+yBg94yIkAK7aJg=="
    },
    "redis-errors": {
      "version": "1.2.0",
      "resolved": "https://registry.npmjs.org/redis-errors/-/redis-errors-1.2.0.tgz",
      "integrity": "sha1-62LSrbFeTq9GEMBK/hUpOEJQq60="
    },
    "redis-parser": {
      "version": "3.0.0",
      "resolved": "https://registry.npmjs.org/redis-parser/-/redis-parser-3.0.0.tgz",
      "integrity": "sha1-tm2CjNyv5rS4pCin3vTGvKwxyLQ=",
      "requires": {
        "redis-errors": "^1.0.0"
      }
    },
    "standard-as-callback": {
      "version": "2.0.1",
      "resolved": "https://registry.npmjs.org/standard-as-callback/-/standard-as-callback-2.0.1.tgz",
      "integrity": "sha512-NQOxSeB8gOI5WjSaxjBgog2QFw55FV8TkS6Y07BiB3VJ8xNTvUYm0wl0s8ObgQ5NhdpnNfigMIKjgPESzgr4tg=="
    }
  }
}
